
Microsoft Visual Studio Solution File, Format Version 12.00
# Visual Studio 14
VisualStudioVersion = 14.0.25420.1
MinimumVisualStudioVersion = 10.0.40219.1
Project("{FAE04EC0-301F-11D3-BF4B-00C04F79EFBC}") = "TCOB_Tracker", "TCOB_Tracker\TCOB_Tracker.csproj", "{0617EF2F-95D7-4BE4-966F-E2E5BF2A33BB}"
EndProject
Global
	GlobalSection(SolutionConfigurationPlatforms) = preSolution
		Debug|Any CPU = Debug|Any CPU
		Release|Any CPU = Release|Any CPU
	EndGlobalSection
	GlobalSection(ProjectConfigurationPlatforms) = postSolution
		{0617EF2F-95D7-4BE4-966F-E2E5BF2A33BB}.Debug|Any CPU.ActiveCfg = Debug|Any CPU
		{0617EF2F-95D7-4BE4-966F-E2E5BF2A33BB}.Debug|Any CPU.Build.0 = Debug|Any CPU
		{0617EF2F-95D7-4BE4-966F-E2E5BF2A33BB}.Release|Any CPU.ActiveCfg = Release|Any CPU
		{0617EF2F-95D7-4BE4-966F-E2E5BF2A33BB}.Release|Any CPU.Build.0 = Release|Any CPU
	EndGlobalSection
	GlobalSection(SolutionProperties) = preSolution
		HideSolutionNode = FALSE
	EndGlobalSection
EndGlobal
